
Microsoft Visual Studio Solution File, Format Version 12.00
# Visual Studio Version 17
VisualStudioVersion = 17.9.34607.119
MinimumVisualStudioVersion = 10.0.40219.1
Project("{9A19103F-16F7-4668-BE54-9A1E7A4F7556}") = "1projeto.API", "1projeto.API\1projeto.API.csproj", "{2BBC3A88-066A-4111-AD3F-83C61888EB3C}"
EndProject
Project("{FAE04EC0-301F-11D3-BF4B-00C04F79EFBC}") = "1projeto.Database", "2TDSPK.Database\1projeto.Database.csproj", "{DDCE58CD-5ADA-4AE0-B248-E7B8DB214250}"
EndProject
Project("{FAE04EC0-301F-11D3-BF4B-00C04F79EFBC}") = "1projeto.Repository", "1projeto.Repository\1projeto.Repository.csproj", "{D709FC05-9C82-4CBC-A1FF-1B769B6B6184}"
EndProject
Global
	GlobalSection(SolutionConfigurationPlatforms) = preSolution
		Debug|Any CPU = Debug|Any CPU
		Release|Any CPU = Release|Any CPU
	EndGlobalSection
	GlobalSection(ProjectConfigurationPlatforms) = postSolution
		{2BBC3A88-066A-4111-AD3F-83C61888EB3C}.Debug|Any CPU.ActiveCfg = Debug|Any CPU
		{2BBC3A88-066A-4111-AD3F-83C61888EB3C}.Debug|Any CPU.Build.0 = Debug|Any CPU
		{2BBC3A88-066A-4111-AD3F-83C61888EB3C}.Release|Any CPU.ActiveCfg = Release|Any CPU
		{2BBC3A88-066A-4111-AD3F-83C61888EB3C}.Release|Any CPU.Build.0 = Release|Any CPU
		{DDCE58CD-5ADA-4AE0-B248-E7B8DB214250}.Debug|Any CPU.ActiveCfg = Debug|Any CPU
		{DDCE58CD-5ADA-4AE0-B248-E7B8DB214250}.Debug|Any CPU.Build.0 = Debug|Any CPU
		{DDCE58CD-5ADA-4AE0-B248-E7B8DB214250}.Release|Any CPU.ActiveCfg = Release|Any CPU
		{DDCE58CD-5ADA-4AE0-B248-E7B8DB214250}.Release|Any CPU.Build.0 = Release|Any CPU
		{D709FC05-9C82-4CBC-A1FF-1B769B6B6184}.Debug|Any CPU.ActiveCfg = Debug|Any CPU
		{D709FC05-9C82-4CBC-A1FF-1B769B6B6184}.Debug|Any CPU.Build.0 = Debug|Any CPU
		{D709FC05-9C82-4CBC-A1FF-1B769B6B6184}.Release|Any CPU.ActiveCfg = Release|Any CPU
		{D709FC05-9C82-4CBC-A1FF-1B769B6B6184}.Release|Any CPU.Build.0 = Release|Any CPU
	EndGlobalSection
	GlobalSection(SolutionProperties) = preSolution
		HideSolutionNode = FALSE
	EndGlobalSection
	GlobalSection(ExtensibilityGlobals) = postSolution
		SolutionGuid = {AEF919DC-83FE-4C74-B830-98B14A29C277}
	EndGlobalSection
EndGlobal
